{
  "requires": true,
  "lockfileVersion": 1,
  "dependencies": {
    "@fortawesome/fontawesome": {
      "version": "1.1.5",
      "resolved": "https://registry.npmjs.org/@fortawesome/fontawesome/-/fontawesome-1.1.5.tgz",
      "integrity": "sha512-WAgbcVs7/YTxq7RK/dhyoJPzaIZpOQnStyO5s1sj0rZa0J1ScXYoGPmsP1ec6qM/BhDjRVB228xr2DiCPTHRCA==",
      "requires": {
        "@fortawesome/fontawesome-common-types": "0.1.4"
      }
    },
    "@fortawesome/fontawesome-common-types": {
      "version": "0.1.4",
      "resolved": "https://registry.npmjs.org/@fortawesome/fontawesome-common-types/-/fontawesome-common-types-0.1.4.tgz",
      "integrity": "sha512-JEgIoqh9HAQWul8CVLrOmWUI8nUQfCJZygRJ1Cr2H/O3+pCpVszW199cIpc7k7Nr1HJtLD77AUZVnxaKllx7AQ=="
    },
    "@uirouter/core": {
      "version": "5.0.3",
      "resolved": "https://registry.npmjs.org/@uirouter/core/-/core-5.0.3.tgz",
      "integrity": "sha1-4rWx5FGQ4gxnuk4VwBPeXU4MyrM="
    },
    "angular": {
      "version": "1.6.8",
      "resolved": "https://registry.npmjs.org/angular/-/angular-1.6.8.tgz",
      "integrity": "sha512-9WErZIOw1Cu1V5Yxdvxz/6YpND8ntdP71fdPpufPFJvZodZXqCjQBYrHqEoMZreO5i84O3D/Jw/vepoFt68Azw=="
    },
    "angular-highlightjs": {
      "version": "0.6.3",
      "resolved": "https://registry.npmjs.org/angular-highlightjs/-/angular-highlightjs-0.6.3.tgz",
      "integrity": "sha1-gkOoRe2i4LBEo16jmHE/MkCjwxo=",
      "requires": {
        "angular": "1.6.8",
        "highlight.js": "9.12.0"
      }
    },
    "angular-markdown-editor": {
      "version": "1.1.5",
      "resolved": "https://registry.npmjs.org/angular-markdown-editor/-/angular-markdown-editor-1.1.5.tgz",
      "integrity": "sha512-5TfyOLBoPkDmcgf3ohEb8/Q76M6o/WfZU3qptYWscQskbsbdKcx4MGDB1cH32e59ePNYYxlJUwo42emd7JWtKQ==",
      "requires": {
        "angular-highlightjs": "0.6.3",
        "angular-marked": "1.2.2",
        "angular-sanitize": "1.6.9",
        "bootstrap": "3.3.7",
        "bootstrap-markdown": "2.10.0",
        "highlight.js": "9.12.0",
        "jquery": "2.2.4",
        "marked": "0.3.19"
      },
      "dependencies": {
        "bootstrap": {
          "version": "3.3.7",
          "resolved": "https://registry.npmjs.org/bootstrap/-/bootstrap-3.3.7.tgz",
          "integrity": "sha1-WjiTlFSfIzMIdaOxUGVldPip63E="
        },
        "jquery": {
          "version": "2.2.4",
          "resolved": "https://registry.npmjs.org/jquery/-/jquery-2.2.4.tgz",
          "integrity": "sha1-LInWiJterFIqfuoywUUhVZxsvwI="
        }
      }
    },
    "angular-marked": {
      "version": "1.2.2",
      "resolved": "https://registry.npmjs.org/angular-marked/-/angular-marked-1.2.2.tgz",
      "integrity": "sha1-Ax+BAV2tX7Aa341IkixS/rNYjeU=",
      "requires": {
        "marked": "0.3.19"
      }
    },
    "angular-resource": {
      "version": "1.6.8",
      "resolved": "https://registry.npmjs.org/angular-resource/-/angular-resource-1.6.8.tgz",
      "integrity": "sha512-Vx97FiunDEWlrKFwaSH3O8/S7krWarWme1Tj88a58EJSD2RSGgHPvbD4YXvzZHk9yqitUr/t1f+6UzYLge5o/g=="
    },
    "angular-sanitize": {
      "version": "1.6.9",
      "resolved": "https://registry.npmjs.org/angular-sanitize/-/angular-sanitize-1.6.9.tgz",
      "integrity": "sha512-zWGQHWvmftkPTR0s6RCF9gx/pezR1V0swcVrkimMyBW3eK3ly7inG5BDDSt2oGExhWufV2VfnIv01T+tBUckNg=="
    },
    "angular-ui-bootstrap": {
      "version": "2.5.6",
      "resolved": "https://registry.npmjs.org/angular-ui-bootstrap/-/angular-ui-bootstrap-2.5.6.tgz",
      "integrity": "sha512-yzcHpPMLQl0232nDzm5P4iAFTFQ9dMw0QgFLuKYbDj9M0xJ62z0oudYD/Lvh1pWfRsukiytP4Xj6BHOSrSXP8A=="
    },
    "angular-ui-grid": {
      "version": "4.4.6",
      "resolved": "https://registry.npmjs.org/angular-ui-grid/-/angular-ui-grid-4.4.6.tgz",
      "integrity": "sha512-0d14HDY4XeqFHI508thxeufiR0AlFoZQ8ihk0x8TRCQc+b9CCk1/F63W2zihirxF0cdOAqBCY2pVSM7vfZvXBQ==",
      "requires": {
        "angular": "1.6.8"
      }
    },
    "angular-ui-router": {
      "version": "1.0.3",
      "resolved": "https://registry.npmjs.org/angular-ui-router/-/angular-ui-router-1.0.3.tgz",
      "integrity": "sha1-vySUyq6Vw3zwGvN2HYl0fP7S20U=",
      "requires": {
        "@uirouter/core": "5.0.3"
      }
    },
    "bootstrap": {
      "version": "4.1.0",
      "resolved": "https://registry.npmjs.org/bootstrap/-/bootstrap-4.1.0.tgz",
      "integrity": "sha512-kCo82nE8qYVfOa/Z3hL98CPgPIEkh6iPdiJrUJMQ9n9r0+6PEET7cmhLlV0XVYmEj5QtKIOaSGMLxy5jSFhKog=="
    },
    "bootstrap-markdown": {
      "version": "2.10.0",
      "resolved": "https://registry.npmjs.org/bootstrap-markdown/-/bootstrap-markdown-2.10.0.tgz",
      "integrity": "sha1-ZSNCd4QEVO4a3HSCsvSl45ddrOU="
    },
    "highlight.js": {
      "version": "9.12.0",
      "resolved": "https://registry.npmjs.org/highlight.js/-/highlight.js-9.12.0.tgz",
      "integrity": "sha1-5tnb5Xy+/mB1HwKvM2GVhwyQwB4="
    },
    "highlightjs": {
      "version": "9.10.0",
      "resolved": "https://registry.npmjs.org/highlightjs/-/highlightjs-9.10.0.tgz",
      "integrity": "sha1-/Km3jdqjsavKidbD7hBa0nCoAZA="
    },
    "jquery": {
      "version": "3.3.1",
      "resolved": "https://registry.npmjs.org/jquery/-/jquery-3.3.1.tgz",
      "integrity": "sha512-Ubldcmxp5np52/ENotGxlLe6aGMvmF4R8S6tZjsP6Knsaxd/xp3Zrh50cG93lR6nPXyUFwzN3ZSOQI0wRJNdGg=="
    },
    "marked": {
      "version": "0.3.19",
      "resolved": "https://registry.npmjs.org/marked/-/marked-0.3.19.tgz",
      "integrity": "sha512-ea2eGWOqNxPcXv8dyERdSr/6FmzvWwzjMxpfGB/sbMccXoct+xY+YukPD+QTUZwyvK7BZwcr4m21WBOW41pAkg=="
    }
  }
}
